
Microsoft Visual Studio Solution File, Format Version 12.00
# Visual Studio Version 17
VisualStudioVersion = 17.2.32526.322
MinimumVisualStudioVersion = 10.0.40219.1
Project("{9A19103F-16F7-4668-BE54-9A1E7A4F7556}") = "UserManagement.API", "UserManagement\UserManagement.API.csproj", "{1BF9DF43-5957-4E03-B978-784FF9D7823C}"
EndProject
Project("{9A19103F-16F7-4668-BE54-9A1E7A4F7556}") = "UserManagement.Domain", "UserManagement.Domain\UserManagement.Domain.csproj", "{B169F638-E5DB-444E-8D02-9E18FB078A08}"
EndProject
Project("{9A19103F-16F7-4668-BE54-9A1E7A4F7556}") = "UsserManagement.DataAccessLayer", "UsserManagement.Infrastructure\UsserManagement.DataAccessLayer.csproj", "{16C460D7-8EA6-4105-9858-220704C430C6}"
EndProject
Project("{2150E333-8FDC-42A3-9474-1A3956D46DE8}") = "Tests", "Tests", "{B696271E-207E-4EA9-A8E6-9FA1D2632539}"
EndProject
Project("{FAE04EC0-301F-11D3-BF4B-00C04F79EFBC}") = "UserManagement.Domain.UnitTests", "UserManagement.Domain.UnitTests\UserManagement.Domain.UnitTests.csproj", "{79C13CB7-15A8-44CB-B52E-6DFE5E1B5D15}"
EndProject
Global
	GlobalSection(SolutionConfigurationPlatforms) = preSolution
		Debug|Any CPU = Debug|Any CPU
		Release|Any CPU = Release|Any CPU
	EndGlobalSection
	GlobalSection(ProjectConfigurationPlatforms) = postSolution
		{1BF9DF43-5957-4E03-B978-784FF9D7823C}.Debug|Any CPU.ActiveCfg = Debug|Any CPU
		{1BF9DF43-5957-4E03-B978-784FF9D7823C}.Debug|Any CPU.Build.0 = Debug|Any CPU
		{1BF9DF43-5957-4E03-B978-784FF9D7823C}.Release|Any CPU.ActiveCfg = Release|Any CPU
		{1BF9DF43-5957-4E03-B978-784FF9D7823C}.Release|Any CPU.Build.0 = Release|Any CPU
		{B169F638-E5DB-444E-8D02-9E18FB078A08}.Debug|Any CPU.ActiveCfg = Debug|Any CPU
		{B169F638-E5DB-444E-8D02-9E18FB078A08}.Debug|Any CPU.Build.0 = Debug|Any CPU
		{B169F638-E5DB-444E-8D02-9E18FB078A08}.Release|Any CPU.ActiveCfg = Release|Any CPU
		{B169F638-E5DB-444E-8D02-9E18FB078A08}.Release|Any CPU.Build.0 = Release|Any CPU
		{16C460D7-8EA6-4105-9858-220704C430C6}.Debug|Any CPU.ActiveCfg = Debug|Any CPU
		{16C460D7-8EA6-4105-9858-220704C430C6}.Debug|Any CPU.Build.0 = Debug|Any CPU
		{16C460D7-8EA6-4105-9858-220704C430C6}.Release|Any CPU.ActiveCfg = Release|Any CPU
		{16C460D7-8EA6-4105-9858-220704C430C6}.Release|Any CPU.Build.0 = Release|Any CPU
		{79C13CB7-15A8-44CB-B52E-6DFE5E1B5D15}.Debug|Any CPU.ActiveCfg = Debug|Any CPU
		{79C13CB7-15A8-44CB-B52E-6DFE5E1B5D15}.Debug|Any CPU.Build.0 = Debug|Any CPU
		{79C13CB7-15A8-44CB-B52E-6DFE5E1B5D15}.Release|Any CPU.ActiveCfg = Release|Any CPU
		{79C13CB7-15A8-44CB-B52E-6DFE5E1B5D15}.Release|Any CPU.Build.0 = Release|Any CPU
	EndGlobalSection
	GlobalSection(SolutionProperties) = preSolution
		HideSolutionNode = FALSE
	EndGlobalSection
	GlobalSection(NestedProjects) = preSolution
		{79C13CB7-15A8-44CB-B52E-6DFE5E1B5D15} = {B696271E-207E-4EA9-A8E6-9FA1D2632539}
	EndGlobalSection
	GlobalSection(ExtensibilityGlobals) = postSolution
		SolutionGuid = {9DF7D64D-DC96-40E7-B5F5-3358CD4F1BFA}
	EndGlobalSection
EndGlobal
